// !$*UTF8*$!
{
	archiveVersion = 1;
	classes = {
	};
	objectVersion = 46;
	objects = {

/* Begin PBXBuildFile section */
		9562BB9C1B49C8D3004F666B /* main.m in Sources */ = {isa = PBXBuildFile; fileRef = 9562BB9B1B49C8D3004F666B /* main.m */; };
		9562BB9F1B49C8D3004F666B /* AppDelegate.m in Sources */ = {isa = PBXBuildFile; fileRef = 9562BB9E1B49C8D3004F666B /* AppDelegate.m */; };
		9562BBA21B49C8D3004F666B /* GameScene.m in Sources */ = {isa = PBXBuildFile; fileRef = 9562BBA11B49C8D3004F666B /* GameScene.m */; };
		9562BBA41B49C8D3004F666B /* GameScene.sks in Resources */ = {isa = PBXBuildFile; fileRef = 9562BBA31B49C8D3004F666B /* GameScene.sks */; };
		9562BBA71B49C8D3004F666B /* GameViewController.m in Sources */ = {isa = PBXBuildFile; fileRef = 9562BBA61B49C8D3004F666B /* GameViewController.m */; };
		9562BBAA1B49C8D3004F666B /* Main.storyboard in Resources */ = {isa = PBXBuildFile; fileRef = 9562BBA81B49C8D3004F666B /* Main.storyboard */; };
		9562BBAC1B49C8D3004F666B /* Images.xcassets in Resources */ = {isa = PBXBuildFile; fileRef = 9562BBAB1B49C8D3004F666B /* Images.xcassets */; };
		9562BBAF1B49C8D3004F666B /* LaunchScreen.xib in Resources */ = {isa = PBXBuildFile; fileRef = 9562BBAD1B49C8D3004F666B /* LaunchScreen.xib */; };
		9562BBBB1B49C8D3004F666B /* CyberPunchTests.m in Sources */ = {isa = PBXBuildFile; fileRef = 9562BBBA1B49C8D3004F666B /* CyberPunchTests.m */; };
/* End PBXBuildFile section */

/* Begin PBXContainerItemProxy section */
		9562BBB51B49C8D3004F666B /* PBXContainerItemProxy */ = {
			isa = PBXContainerItemProxy;
			containerPortal = 9562BB8E1B49C8D3004F666B /* Project object */;
			proxyType = 1;
			remoteGlobalIDString = 9562BB951B49C8D3004F666B;
			remoteInfo = CyberPunch;
		};
/* End PBXContainerItemProxy section */

/* Begin PBXFileReference section */
		9562BB961B49C8D3004F666B /* CyberPunch.app */ = {isa = PBXFileReference; explicitFileType = wrapper.application; includeInIndex = 0; path = CyberPunch.app; sourceTree = BUILT_PRODUCTS_DIR; };
		9562BB9A1B49C8D3004F666B /* Info.plist */ = {isa = PBXFileReference; lastKnownFileType = text.plist.xml; path = Info.plist; sourceTree = "<group>"; };
		9562BB9B1B49C8D3004F666B /* main.m */ = {isa = PBXFileReference; lastKnownFileType = sourcecode.c.objc; path = main.m; sourceTree = "<group>"; };
		9562BB9D1B49C8D3004F666B /* AppDelegate.h */ = {isa = PBXFileReference; lastKnownFileType = sourcecode.c.h; path = AppDelegate.h; sourceTree = "<group>"; };
		9562BB9E1B49C8D3004F666B /* AppDelegate.m */ = {isa = PBXFileReference; lastKnownFileType = sourcecode.c.objc; path = AppDelegate.m; sourceTree = "<group>"; };
		9562BBA01B49C8D3004F666B /* GameScene.h */ = {isa = PBXFileReference; lastKnownFileType = sourcecode.c.h; path = GameScene.h; sourceTree = "<group>"; };
		9562BBA11B49C8D3004F666B /* GameScene.m */ = {isa = PBXFileReference; lastKnownFileType = sourcecode.c.objc; path = GameScene.m; sourceTree = "<group>"; };
		9562BBA31B49C8D3004F666B /* GameScene.sks */ = {isa = PBXFileReference; lastKnownFileType = file.sks; path = GameScene.sks; sourceTree = "<group>"; };
		9562BBA51B49C8D3004F666B /* GameViewController.h */ = {isa = PBXFileReference; lastKnownFileType = sourcecode.c.h; path = GameViewController.h; sourceTree = "<group>"; };
		9562BBA61B49C8D3004F666B /* GameViewController.m */ = {isa = PBXFileReference; lastKnownFileType = sourcecode.c.objc; path = GameViewController.m; sourceTree = "<group>"; };
		9562BBA91B49C8D3004F666B /* Base */ = {isa = PBXFileReference; lastKnownFileType = file.storyboard; name = Base; path = Base.lproj/Main.storyboard; sourceTree = "<group>"; };
		9562BBAB1B49C8D3004F666B /* Images.xcassets */ = {isa = PBXFileReference; lastKnownFileType = folder.assetcatalog; path = Images.xcassets; sourceTree = "<group>"; };
		9562BBAE1B49C8D3004F666B /* Base */ = {isa = PBXFileReference; lastKnownFileType = file.xib; name = Base; path = Base.lproj/LaunchScreen.xib; sourceTree = "<group>"; };
		9562BBB41B49C8D3004F666B /* CyberPunchTests.xctest */ = {isa = PBXFileReference; explicitFileType = wrapper.cfbundle; includeInIndex = 0; path = CyberPunchTests.xctest; sourceTree = BUILT_PRODUCTS_DIR; };
		9562BBB91B49C8D3004F666B /* Info.plist */ = {isa = PBXFileReference; lastKnownFileType = text.plist.xml; path = Info.plist; sourceTree = "<group>"; };
		9562BBBA1B49C8D3004F666B /* CyberPunchTests.m */ = {isa = PBXFileReference; lastKnownFileType = sourcecode.c.objc; path = CyberPunchTests.m; sourceTree = "<group>"; };
/* End PBXFileReference section */

/* Begin PBXFrameworksBuildPhase section */
		9562BB931B49C8D3004F666B /* Frameworks */ = {
			isa = PBXFrameworksBuildPhase;
			buildActionMask = 2147483647;
			files = (
			);
			runOnlyForDeploymentPostprocessing = 0;
		};
		9562BBB11B49C8D3004F666B /* Frameworks */ = {
			isa = PBXFrameworksBuildPhase;
			buildActionMask = 2147483647;
			files = (
			);
			runOnlyForDeploymentPostprocessing = 0;
		};
/* End PBXFrameworksBuildPhase section */

/* Begin PBXGroup section */
		9562BB8D1B49C8D3004F666B = {
			isa = PBXGroup;
			children = (
				9562BB981B49C8D3004F666B /* CyberPunch */,
				9562BBB71B49C8D3004F666B /* CyberPunchTests */,
				9562BB971B49C8D3004F666B /* Products */,
			);
			sourceTree = "<group>";
		};
		9562BB971B49C8D3004F666B /* Products */ = {
			isa = PBXGroup;
			children = (
				9562BB961B49C8D3004F666B /* CyberPunch.app */,
				9562BBB41B49C8D3004F666B /* CyberPunchTests.xctest */,
			);
			name = Products;
			sourceTree = "<group>";
		};
		9562BB981B49C8D3004F666B /* CyberPunch */ = {
			isa = PBXGroup;
			children = (
				9562BB9D1B49C8D3004F666B /* AppDelegate.h */,
				9562BB9E1B49C8D3004F666B /* AppDelegate.m */,
				9562BBA01B49C8D3004F666B /* GameScene.h */,
				9562BBA11B49C8D3004F666B /* GameScene.m */,
				9562BBA31B49C8D3004F666B /* GameScene.sks */,
				9562BBA51B49C8D3004F666B /* GameViewController.h */,
				9562BBA61B49C8D3004F666B /* GameViewController.m */,
				9562BBA81B49C8D3004F666B /* Main.storyboard */,
				9562BBAB1B49C8D3004F666B /* Images.xcassets */,
				9562BBAD1B49C8D3004F666B /* LaunchScreen.xib */,
				9562BB991B49C8D3004F666B /* Supporting Files */,
			);
			path = CyberPunch;
			sourceTree = "<group>";
		};
		9562BB991B49C8D3004F666B /* Supporting Files */ = {
			isa = PBXGroup;
			children = (
				9562BB9A1B49C8D3004F666B /* Info.plist */,
				9562BB9B1B49C8D3004F666B /* main.m */,
			);
			name = "Supporting Files";
			sourceTree = "<group>";
		};
		9562BBB71B49C8D3004F666B /* CyberPunchTests */ = {
			isa = PBXGroup;
			children = (
				9562BBBA1B49C8D3004F666B /* CyberPunchTests.m */,
				9562BBB81B49C8D3004F666B /* Supporting Files */,
			);
			path = CyberPunchTests;
			sourceTree = "<group>";
		};
		9562BBB81B49C8D3004F666B /* Supporting Files */ = {
			isa = PBXGroup;
			children = (
				9562BBB91B49C8D3004F666B /* Info.plist */,
			);
			name = "Supporting Files";
			sourceTree = "<group>";
		};
/* End PBXGroup section */

/* Begin PBXNativeTarget section */
		9562BB951B49C8D3004F666B /* CyberPunch */ = {
			isa = PBXNativeTarget;
			buildConfigurationList = 9562BBBE1B49C8D3004F666B /* Build configuration list for PBXNativeTarget "CyberPunch" */;
			buildPhases = (
				9562BB921B49C8D3004F666B /* Sources */,
				9562BB931B49C8D3004F666B /* Frameworks */,
				9562BB941B49C8D3004F666B /* Resources */,
			);
			buildRules = (
			);
			dependencies = (
			);
			name = CyberPunch;
			productName = CyberPunch;
			productReference = 9562BB961B49C8D3004F666B /* CyberPunch.app */;
			productType = "com.apple.product-type.application";
		};
		9562BBB31B49C8D3004F666B /* CyberPunchTests */ = {
			isa = PBXNativeTarget;
			buildConfigurationList = 9562BBC11B49C8D3004F666B /* Build configuration list for PBXNativeTarget "CyberPunchTests" */;
			buildPhases = (
				9562BBB01B49C8D3004F666B /* Sources */,
				9562BBB11B49C8D3004F666B /* Frameworks */,
				9562BBB21B49C8D3004F666B /* Resources */,
			);
			buildRules = (
			);
			dependencies = (
				9562BBB61B49C8D3004F666B /* PBXTargetDependency */,
			);
			name = CyberPunchTests;
			productName = CyberPunchTests;
			productReference = 9562BBB41B49C8D3004F666B /* CyberPunchTests.xctest */;
			productType = "com.apple.product-type.bundle.unit-test";
		};
/* End PBXNativeTarget section */

/* Begin PBXProject section */
		9562BB8E1B49C8D3004F666B /* Project object */ = {
			isa = PBXProject;
			attributes = {
				LastUpgradeCheck = 0630;
				ORGANIZATIONNAME = "Pedro Ruíz";
				TargetAttributes = {
					9562BB951B49C8D3004F666B = {
						CreatedOnToolsVersion = 6.3.2;
					};
					9562BBB31B49C8D3004F666B = {
						CreatedOnToolsVersion = 6.3.2;
						TestTargetID = 9562BB951B49C8D3004F666B;
					};
				};
			};
			buildConfigurationList = 9562BB911B49C8D3004F666B /* Build configuration list for PBXProject "CyberPunch" */;
			compatibilityVersion = "Xcode 3.2";
			developmentRegion = English;
			hasScannedForEncodings = 0;
			knownRegions = (
				en,
				Base,
			);
			mainGroup = 9562BB8D1B49C8D3004F666B;
			productRefGroup = 9562BB971B49C8D3004F666B /* Products */;
			projectDirPath = "";
			projectRoot = "";
			targets = (
				9562BB951B49C8D3004F666B /* CyberPunch */,
				9562BBB31B49C8D3004F666B /* CyberPunchTests */,
			);
		};
/* End PBXProject section */

/* Begin PBXResourcesBuildPhase section */
		9562BB941B49C8D3004F666B /* Resources */ = {
			isa = PBXResourcesBuildPhase;
			buildActionMask = 2147483647;
			files = (
				9562BBAF1B49C8D3004F666B /* LaunchScreen.xib in Resources */,
				9562BBAC1B49C8D3004F666B /* Images.xcassets in Resources */,
				9562BBA41B49C8D3004F666B /* GameScene.sks in Resources */,
				9562BBAA1B49C8D3004F666B /* Main.storyboard in Resources */,
			);
			runOnlyForDeploymentPostprocessing = 0;
		};
		9562BBB21B49C8D3004F666B /* Resources */ = {
			isa = PBXResourcesBuildPhase;
			buildActionMask = 2147483647;
			files = (
			);
			runOnlyForDeploymentPostprocessing = 0;
		};
/* End PBXResourcesBuildPhase section */

/* Begin PBXSourcesBuildPhase section */
		9562BB921B49C8D3004F666B /* Sources */ = {
			isa = PBXSourcesBuildPhase;
			buildActionMask = 2147483647;
			files = (
				9562BBA71B49C8D3004F666B /* GameViewController.m in Sources */,
				9562BB9F1B49C8D3004F666B /* AppDelegate.m in Sources */,
				9562BBA21B49C8D3004F666B /* GameScene.m in Sources */,
				9562BB9C1B49C8D3004F666B /* main.m in Sources */,
			);
			runOnlyForDeploymentPostprocessing = 0;
		};
		9562BBB01B49C8D3004F666B /* Sources */ = {
			isa = PBXSourcesBuildPhase;
			buildActionMask = 2147483647;
			files = (
				9562BBBB1B49C8D3004F666B /* CyberPunchTests.m in Sources */,
			);
			runOnlyForDeploymentPostprocessing = 0;
		};
/* End PBXSourcesBuildPhase section */

/* Begin PBXTargetDependency section */
		9562BBB61B49C8D3004F666B /* PBXTargetDependency */ = {
			isa = PBXTargetDependency;
			target = 9562BB951B49C8D3004F666B /* CyberPunch */;
			targetProxy = 9562BBB51B49C8D3004F666B /* PBXContainerItemProxy */;
		};
/* End PBXTargetDependency section */

/* Begin PBXVariantGroup section */
		9562BBA81B49C8D3004F666B /* Main.storyboard */ = {
			isa = PBXVariantGroup;
			children = (
				9562BBA91B49C8D3004F666B /* Base */,
			);
			name = Main.storyboard;
			sourceTree = "<group>";
		};
		9562BBAD1B49C8D3004F666B /* LaunchScreen.xib */ = {
			isa = PBXVariantGroup;
			children = (
				9562BBAE1B49C8D3004F666B /* Base */,
			);
			name = LaunchScreen.xib;
			sourceTree = "<group>";
		};
/* End PBXVariantGroup section */

/* Begin XCBuildConfiguration section */
		9562BBBC1B49C8D3004F666B /* Debug */ = {
			isa = XCBuildConfiguration;
			buildSettings = {
				ALWAYS_SEARCH_USER_PATHS = NO;
				CLANG_CXX_LANGUAGE_STANDARD = "gnu++0x";
				CLANG_CXX_LIBRARY = "libc++";
				CLANG_ENABLE_MODULES = YES;
				CLANG_ENABLE_OBJC_ARC = YES;
				CLANG_WARN_BOOL_CONVERSION = YES;
				CLANG_WARN_CONSTANT_CONVERSION = YES;
				CLANG_WARN_DIRECT_OBJC_ISA_USAGE = YES_ERROR;
				CLANG_WARN_EMPTY_BODY = YES;
				CLANG_WARN_ENUM_CONVERSION = YES;
				CLANG_WARN_INT_CONVERSION = YES;
				CLANG_WARN_OBJC_ROOT_CLASS = YES_ERROR;
				CLANG_WARN_UNREACHABLE_CODE = YES;
				CLANG_WARN__DUPLICATE_METHOD_MATCH = YES;
				"CODE_SIGN_IDENTITY[sdk=iphoneos*]" = "iPhone Developer";
				COPY_PHASE_STRIP = NO;
				DEBUG_INFORMATION_FORMAT = "dwarf-with-dsym";
				ENABLE_STRICT_OBJC_MSGSEND = YES;
				GCC_C_LANGUAGE_STANDARD = gnu99;
				GCC_DYNAMIC_NO_PIC = NO;
				GCC_NO_COMMON_BLOCKS = YES;
				GCC_OPTIMIZATION_LEVEL = 0;
				GCC_PREPROCESSOR_DEFINITIONS = (
					"DEBUG=1",
					"$(inherited)",
				);
				GCC_SYMBOLS_PRIVATE_EXTERN = NO;
				GCC_WARN_64_TO_32_BIT_CONVERSION = YES;
				GCC_WARN_ABOUT_RETURN_TYPE = YES_ERROR;
				GCC_WARN_UNDECLARED_SELECTOR = YES;
				GCC_WARN_UNINITIALIZED_AUTOS = YES_AGGRESSIVE;
				GCC_WARN_UNUSED_FUNCTION = YES;
				GCC_WARN_UNUSED_VARIABLE = YES;
				IPHONEOS_DEPLOYMENT_TARGET = 8.3;
				MTL_ENABLE_DEBUG_INFO = YES;
				ONLY_ACTIVE_ARCH = YES;
				SDKROOT = iphoneos;
				TARGETED_DEVICE_FAMILY = "1,2";
			};
			name = Debug;
		};
		9562BBBD1B49C8D3004F666B /* Release */ = {
			isa = XCBuildConfiguration;
			buildSettings = {
				ALWAYS_SEARCH_USER_PATHS = NO;
				CLANG_CXX_LANGUAGE_STANDARD = "gnu++0x";
				CLANG_CXX_LIBRARY = "libc++";
				CLANG_ENABLE_MODULES = YES;
				CLANG_ENABLE_OBJC_ARC = YES;
				CLANG_WARN_BOOL_CONVERSION = YES;
				CLANG_WARN_CONSTANT_CONVERSION = YES;
				CLANG_WARN_DIRECT_OBJC_ISA_USAGE = YES_ERROR;
				CLANG_WARN_EMPTY_BODY = YES;
				CLANG_WARN_ENUM_CONVERSION = YES;
				CLANG_WARN_INT_CONVERSION = YES;
				CLANG_WARN_OBJC_ROOT_CLASS = YES_ERROR;
				CLANG_WARN_UNREACHABLE_CODE = YES;
				CLANG_WARN__DUPLICATE_METHOD_MATCH = YES;
				"CODE_SIGN_IDENTITY[sdk=iphoneos*]" = "iPhone Developer";
				COPY_PHASE_STRIP = NO;
				DEBUG_INFORMATION_FORMAT = "dwarf-with-dsym";
				ENABLE_NS_ASSERTIONS = NO;
				ENABLE_STRICT_OBJC_MSGSEND = YES;
				GCC_C_LANGUAGE_STANDARD = gnu99;
				GCC_NO_COMMON_BLOCKS = YES;
				GCC_WARN_64_TO_32_BIT_CONVERSION = YES;
				GCC_WARN_ABOUT_RETURN_TYPE = YES_ERROR;
				GCC_WARN_UNDECLARED_SELECTOR = YES;
				GCC_WARN_UNINITIALIZED_AUTOS = YES_AGGRESSIVE;
				GCC_WARN_UNUSED_FUNCTION = YES;
				GCC_WARN_UNUSED_VARIABLE = YES;
				IPHONEOS_DEPLOYMENT_TARGET = 8.3;
				MTL_ENABLE_DEBUG_INFO = NO;
				SDKROOT = iphoneos;
				TARGETED_DEVICE_FAMILY = "1,2";
				VALIDATE_PRODUCT = YES;
			};
			name = Release;
		};
		9562BBBF1B49C8D3004F666B /* Debug */ = {
			isa = XCBuildConfiguration;
			buildSettings = {
				ASSETCATALOG_COMPILER_APPICON_NAME = AppIcon;
				INFOPLIST_FILE = CyberPunch/Info.plist;
				LD_RUNPATH_SEARCH_PATHS = "$(inherited) @executable_path/Frameworks";
				PRODUCT_NAME = "$(TARGET_NAME)";
			};
			name = Debug;
		};
		9562BBC01B49C8D3004F666B /* Release */ = {
			isa = XCBuildConfiguration;
			buildSettings = {
				ASSETCATALOG_COMPILER_APPICON_NAME = AppIcon;
				INFOPLIST_FILE = CyberPunch/Info.plist;
				LD_RUNPATH_SEARCH_PATHS = "$(inherited) @executable_path/Frameworks";
				PRODUCT_NAME = "$(TARGET_NAME)";
			};
			name = Release;
		};
		9562BBC21B49C8D3004F666B /* Debug */ = {
			isa = XCBuildConfiguration;
			buildSettings = {
				BUNDLE_LOADER = "$(TEST_HOST)";
				FRAMEWORK_SEARCH_PATHS = (
					"$(SDKROOT)/Developer/Library/Frameworks",
					"$(inherited)",
				);
				GCC_PREPROCESSOR_DEFINITIONS = (
					"DEBUG=1",
					"$(inherited)",
				);
				INFOPLIST_FILE = CyberPunchTests/Info.plist;
				LD_RUNPATH_SEARCH_PATHS = "$(inherited) @executable_path/Frameworks @loader_path/Frameworks";
				PRODUCT_NAME = "$(TARGET_NAME)";
				TEST_HOST = "$(BUILT_PRODUCTS_DIR)/CyberPunch.app/CyberPunch";
			};
			name = Debug;
		};
		9562BBC31B49C8D3004F666B /* Release */ = {
			isa = XCBuildConfiguration;
			buildSettings = {
				BUNDLE_LOADER = "$(TEST_HOST)";
				FRAMEWORK_SEARCH_PATHS = (
					"$(SDKROOT)/Developer/Library/Frameworks",
					"$(inherited)",
				);
				INFOPLIST_FILE = CyberPunchTests/Info.plist;
				LD_RUNPATH_SEARCH_PATHS = "$(inherited) @executable_path/Frameworks @loader_path/Frameworks";
				PRODUCT_NAME = "$(TARGET_NAME)";
				TEST_HOST = "$(BUILT_PRODUCTS_DIR)/CyberPunch.app/CyberPunch";
			};
			name = Release;
		};
/* End XCBuildConfiguration section */

/* Begin XCConfigurationList section */
		9562BB911B49C8D3004F666B /* Build configuration list for PBXProject "CyberPunch" */ = {
			isa = XCConfigurationList;
			buildConfigurations = (
				9562BBBC1B49C8D3004F666B /* Debug */,
				9562BBBD1B49C8D3004F666B /* Release */,
			);
			defaultConfigurationIsVisible = 0;
			defaultConfigurationName = Release;
		};
		9562BBBE1B49C8D3004F666B /* Build configuration list for PBXNativeTarget "CyberPunch" */ = {
			isa = XCConfigurationList;
			buildConfigurations = (
				9562BBBF1B49C8D3004F666B /* Debug */,
				9562BBC01B49C8D3004F666B /* Release */,
			);
			defaultConfigurationIsVisible = 0;
		};
		9562BBC11B49C8D3004F666B /* Build configuration list for PBXNativeTarget "CyberPunchTests" */ = {
			isa = XCConfigurationList;
			buildConfigurations = (
				9562BBC21B49C8D3004F666B /* Debug */,
				9562BBC31B49C8D3004F666B /* Release */,
			);
			defaultConfigurationIsVisible = 0;
		};
/* End XCConfigurationList section */
	};
	rootObject = 9562BB8E1B49C8D3004F666B /* Project object */;
}
